
Microsoft Visual Studio Solution File, Format Version 12.00
# Visual Studio Version 16
VisualStudioVersion = 16.0.30611.23
MinimumVisualStudioVersion = 10.0.40219.1
Project("{FAE04EC0-301F-11D3-BF4B-00C04F79EFBC}") = "dotNet5781_01_8411_9616", "dotNet5781_01_8411_9616\dotNet5781_01_8411_9616.csproj", "{7AD57F52-8292-4005-9164-013CBDF16192}"
EndProject
Project("{FAE04EC0-301F-11D3-BF4B-00C04F79EFBC}") = "dotNet5781_02_8411_9616", "dotNet5781_02_8411_9616\dotNet5781_02_8411_9616.csproj", "{C352279F-57C0-4CFF-BC4D-A5F198649DA8}"
EndProject
Project("{FAE04EC0-301F-11D3-BF4B-00C04F79EFBC}") = "dotNet5781_03A_8411_9616", "dotNet5781_03A_8411_9616\dotNet5781_03A_8411_9616.csproj", "{E4976407-8333-4DB3-8A3C-F4C5BE3F63CC}"
EndProject
Project("{FAE04EC0-301F-11D3-BF4B-00C04F79EFBC}") = "dotNet5781_03B_8411_9616", "dotNet5781_03B_8411_9616\dotNet5781_03B_8411_9616.csproj", "{56D8C3B8-5096-495A-A4F6-504CFD2AA5F0}"
EndProject
Project("{FAE04EC0-301F-11D3-BF4B-00C04F79EFBC}") = "PL_Gui", "PL_Gui\PL_Gui.csproj", "{D5E9E8EE-5700-4EC3-AD3A-8460DC13ED3F}"
EndProject
Project("{2150E333-8FDC-42A3-9474-1A3956D46DE8}") = "Exercises", "Exercises", "{FE8D5570-C9B2-4D04-84D4-6BF065C63A38}"
EndProject
Project("{2150E333-8FDC-42A3-9474-1A3956D46DE8}") = "Project - Pumbuses", "Project - Pumbuses", "{C9165E08-96E6-4789-98B7-F7C4E85A91EB}"
EndProject
Project("{FAE04EC0-301F-11D3-BF4B-00C04F79EFBC}") = "DS", "DS\DS.csproj", "{608C4460-0BB0-42D6-A2CC-7CF5220F80F4}"
EndProject
Project("{FAE04EC0-301F-11D3-BF4B-00C04F79EFBC}") = "Dal_Object", "Dal_Object\Dal_Object.csproj", "{6DC29CF1-05EB-47AB-A8E1-2B7E4BFD83BA}"
EndProject
Project("{FAE04EC0-301F-11D3-BF4B-00C04F79EFBC}") = "Dal_Api", "Dal_Api\Dal_Api.csproj", "{9B133C89-64E1-4A7F-AC01-CBC54A35BEA6}"
EndProject
Project("{FAE04EC0-301F-11D3-BF4B-00C04F79EFBC}") = "BLL", "BLL\BLL.csproj", "{14C3368E-1D28-4D89-88C8-8D4B9A08E856}"
EndProject
Project("{2150E333-8FDC-42A3-9474-1A3956D46DE8}") = "Solution Items", "Solution Items", "{46104D2A-65E3-4016-A199-C3F23DD49D91}"
	ProjectSection(SolutionItems) = preProject
		config.xml = config.xml
	EndProjectSection
EndProject
Project("{FAE04EC0-301F-11D3-BF4B-00C04F79EFBC}") = "Dal_XML", "Dal_XML\Dal_XML.csproj", "{D0A94DD2-0A92-413D-AC81-69FC3D69DF51}"
EndProject
Global
	GlobalSection(SolutionConfigurationPlatforms) = preSolution
		Debug|Any CPU = Debug|Any CPU
		Release|Any CPU = Release|Any CPU
	EndGlobalSection
	GlobalSection(ProjectConfigurationPlatforms) = postSolution
		{7AD57F52-8292-4005-9164-013CBDF16192}.Debug|Any CPU.ActiveCfg = Debug|Any CPU
		{7AD57F52-8292-4005-9164-013CBDF16192}.Debug|Any CPU.Build.0 = Debug|Any CPU
		{7AD57F52-8292-4005-9164-013CBDF16192}.Release|Any CPU.ActiveCfg = Release|Any CPU
		{7AD57F52-8292-4005-9164-013CBDF16192}.Release|Any CPU.Build.0 = Release|Any CPU
		{C352279F-57C0-4CFF-BC4D-A5F198649DA8}.Debug|Any CPU.ActiveCfg = Debug|Any CPU
		{C352279F-57C0-4CFF-BC4D-A5F198649DA8}.Debug|Any CPU.Build.0 = Debug|Any CPU
		{C352279F-57C0-4CFF-BC4D-A5F198649DA8}.Release|Any CPU.ActiveCfg = Release|Any CPU
		{C352279F-57C0-4CFF-BC4D-A5F198649DA8}.Release|Any CPU.Build.0 = Release|Any CPU
		{E4976407-8333-4DB3-8A3C-F4C5BE3F63CC}.Debug|Any CPU.ActiveCfg = Debug|Any CPU
		{E4976407-8333-4DB3-8A3C-F4C5BE3F63CC}.Debug|Any CPU.Build.0 = Debug|Any CPU
		{E4976407-8333-4DB3-8A3C-F4C5BE3F63CC}.Release|Any CPU.ActiveCfg = Release|Any CPU
		{E4976407-8333-4DB3-8A3C-F4C5BE3F63CC}.Release|Any CPU.Build.0 = Release|Any CPU
		{56D8C3B8-5096-495A-A4F6-504CFD2AA5F0}.Debug|Any CPU.ActiveCfg = Debug|Any CPU
		{56D8C3B8-5096-495A-A4F6-504CFD2AA5F0}.Debug|Any CPU.Build.0 = Debug|Any CPU
		{56D8C3B8-5096-495A-A4F6-504CFD2AA5F0}.Release|Any CPU.ActiveCfg = Release|Any CPU
		{56D8C3B8-5096-495A-A4F6-504CFD2AA5F0}.Release|Any CPU.Build.0 = Release|Any CPU
		{D5E9E8EE-5700-4EC3-AD3A-8460DC13ED3F}.Debug|Any CPU.ActiveCfg = Debug|Any CPU
		{D5E9E8EE-5700-4EC3-AD3A-8460DC13ED3F}.Debug|Any CPU.Build.0 = Debug|Any CPU
		{D5E9E8EE-5700-4EC3-AD3A-8460DC13ED3F}.Release|Any CPU.ActiveCfg = Release|Any CPU
		{D5E9E8EE-5700-4EC3-AD3A-8460DC13ED3F}.Release|Any CPU.Build.0 = Release|Any CPU
		{608C4460-0BB0-42D6-A2CC-7CF5220F80F4}.Debug|Any CPU.ActiveCfg = Debug|Any CPU
		{608C4460-0BB0-42D6-A2CC-7CF5220F80F4}.Debug|Any CPU.Build.0 = Debug|Any CPU
		{608C4460-0BB0-42D6-A2CC-7CF5220F80F4}.Release|Any CPU.ActiveCfg = Release|Any CPU
		{608C4460-0BB0-42D6-A2CC-7CF5220F80F4}.Release|Any CPU.Build.0 = Release|Any CPU
		{6DC29CF1-05EB-47AB-A8E1-2B7E4BFD83BA}.Debug|Any CPU.ActiveCfg = Debug|Any CPU
		{6DC29CF1-05EB-47AB-A8E1-2B7E4BFD83BA}.Debug|Any CPU.Build.0 = Debug|Any CPU
		{6DC29CF1-05EB-47AB-A8E1-2B7E4BFD83BA}.Release|Any CPU.ActiveCfg = Release|Any CPU
		{6DC29CF1-05EB-47AB-A8E1-2B7E4BFD83BA}.Release|Any CPU.Build.0 = Release|Any CPU
		{9B133C89-64E1-4A7F-AC01-CBC54A35BEA6}.Debug|Any CPU.ActiveCfg = Debug|Any CPU
		{9B133C89-64E1-4A7F-AC01-CBC54A35BEA6}.Debug|Any CPU.Build.0 = Debug|Any CPU
		{9B133C89-64E1-4A7F-AC01-CBC54A35BEA6}.Release|Any CPU.ActiveCfg = Release|Any CPU
		{9B133C89-64E1-4A7F-AC01-CBC54A35BEA6}.Release|Any CPU.Build.0 = Release|Any CPU
		{14C3368E-1D28-4D89-88C8-8D4B9A08E856}.Debug|Any CPU.ActiveCfg = Debug|Any CPU
		{14C3368E-1D28-4D89-88C8-8D4B9A08E856}.Debug|Any CPU.Build.0 = Debug|Any CPU
		{14C3368E-1D28-4D89-88C8-8D4B9A08E856}.Release|Any CPU.ActiveCfg = Release|Any CPU
		{14C3368E-1D28-4D89-88C8-8D4B9A08E856}.Release|Any CPU.Build.0 = Release|Any CPU
		{D0A94DD2-0A92-413D-AC81-69FC3D69DF51}.Debug|Any CPU.ActiveCfg = Debug|Any CPU
		{D0A94DD2-0A92-413D-AC81-69FC3D69DF51}.Debug|Any CPU.Build.0 = Debug|Any CPU
		{D0A94DD2-0A92-413D-AC81-69FC3D69DF51}.Release|Any CPU.ActiveCfg = Release|Any CPU
		{D0A94DD2-0A92-413D-AC81-69FC3D69DF51}.Release|Any CPU.Build.0 = Release|Any CPU
	EndGlobalSection
	GlobalSection(SolutionProperties) = preSolution
		HideSolutionNode = FALSE
	EndGlobalSection
	GlobalSection(NestedProjects) = preSolution
		{7AD57F52-8292-4005-9164-013CBDF16192} = {FE8D5570-C9B2-4D04-84D4-6BF065C63A38}
		{C352279F-57C0-4CFF-BC4D-A5F198649DA8} = {FE8D5570-C9B2-4D04-84D4-6BF065C63A38}
		{E4976407-8333-4DB3-8A3C-F4C5BE3F63CC} = {FE8D5570-C9B2-4D04-84D4-6BF065C63A38}
		{56D8C3B8-5096-495A-A4F6-504CFD2AA5F0} = {FE8D5570-C9B2-4D04-84D4-6BF065C63A38}
		{D5E9E8EE-5700-4EC3-AD3A-8460DC13ED3F} = {C9165E08-96E6-4789-98B7-F7C4E85A91EB}
		{608C4460-0BB0-42D6-A2CC-7CF5220F80F4} = {C9165E08-96E6-4789-98B7-F7C4E85A91EB}
		{6DC29CF1-05EB-47AB-A8E1-2B7E4BFD83BA} = {C9165E08-96E6-4789-98B7-F7C4E85A91EB}
		{9B133C89-64E1-4A7F-AC01-CBC54A35BEA6} = {C9165E08-96E6-4789-98B7-F7C4E85A91EB}
		{14C3368E-1D28-4D89-88C8-8D4B9A08E856} = {C9165E08-96E6-4789-98B7-F7C4E85A91EB}
		{46104D2A-65E3-4016-A199-C3F23DD49D91} = {C9165E08-96E6-4789-98B7-F7C4E85A91EB}
		{D0A94DD2-0A92-413D-AC81-69FC3D69DF51} = {C9165E08-96E6-4789-98B7-F7C4E85A91EB}
	EndGlobalSection
	GlobalSection(ExtensibilityGlobals) = postSolution
		SolutionGuid = {CB42DF83-6BBE-4471-852B-0A4ECC2EFE94}
	EndGlobalSection
EndGlobal
