
Microsoft Visual Studio Solution File, Format Version 12.00
# Visual Studio Version 16
VisualStudioVersion = 16.0.30611.23
MinimumVisualStudioVersion = 10.0.40219.1
Project("{FAE04EC0-301F-11D3-BF4B-00C04F79EFBC}") = "dotNet5781_01_8411_9616", "dotNet5781_01_8411_9616\dotNet5781_01_8411_9616.csproj", "{7AD57F52-8292-4005-9164-013CBDF16192}"
EndProject
Project("{FAE04EC0-301F-11D3-BF4B-00C04F79EFBC}") = "dotNet5781_02_8411_9616", "dotNet5781_02_8411_9616\dotNet5781_02_8411_9616.csproj", "{C352279F-57C0-4CFF-BC4D-A5F198649DA8}"
EndProject
Project("{FAE04EC0-301F-11D3-BF4B-00C04F79EFBC}") = "dotNet5781_03A_8411_9616", "dotNet5781_03A_8411_9616\dotNet5781_03A_8411_9616.csproj", "{E4976407-8333-4DB3-8A3C-F4C5BE3F63CC}"
EndProject
Global
	GlobalSection(SolutionConfigurationPlatforms) = preSolution
		Debug|Any CPU = Debug|Any CPU
		Release|Any CPU = Release|Any CPU
	EndGlobalSection
	GlobalSection(ProjectConfigurationPlatforms) = postSolution
		{7AD57F52-8292-4005-9164-013CBDF16192}.Debug|Any CPU.ActiveCfg = Debug|Any CPU
		{7AD57F52-8292-4005-9164-013CBDF16192}.Debug|Any CPU.Build.0 = Debug|Any CPU
		{7AD57F52-8292-4005-9164-013CBDF16192}.Release|Any CPU.ActiveCfg = Release|Any CPU
		{7AD57F52-8292-4005-9164-013CBDF16192}.Release|Any CPU.Build.0 = Release|Any CPU
		{C352279F-57C0-4CFF-BC4D-A5F198649DA8}.Debug|Any CPU.ActiveCfg = Debug|Any CPU
		{C352279F-57C0-4CFF-BC4D-A5F198649DA8}.Debug|Any CPU.Build.0 = Debug|Any CPU
		{C352279F-57C0-4CFF-BC4D-A5F198649DA8}.Release|Any CPU.ActiveCfg = Release|Any CPU
		{C352279F-57C0-4CFF-BC4D-A5F198649DA8}.Release|Any CPU.Build.0 = Release|Any CPU
		{E4976407-8333-4DB3-8A3C-F4C5BE3F63CC}.Debug|Any CPU.ActiveCfg = Debug|Any CPU
		{E4976407-8333-4DB3-8A3C-F4C5BE3F63CC}.Debug|Any CPU.Build.0 = Debug|Any CPU
		{E4976407-8333-4DB3-8A3C-F4C5BE3F63CC}.Release|Any CPU.ActiveCfg = Release|Any CPU
		{E4976407-8333-4DB3-8A3C-F4C5BE3F63CC}.Release|Any CPU.Build.0 = Release|Any CPU
	EndGlobalSection
	GlobalSection(SolutionProperties) = preSolution
		HideSolutionNode = FALSE
	EndGlobalSection
	GlobalSection(ExtensibilityGlobals) = postSolution
		SolutionGuid = {CB42DF83-6BBE-4471-852B-0A4ECC2EFE94}
	EndGlobalSection
EndGlobal
